
Microsoft Visual Studio Solution File, Format Version 12.00
# Visual Studio Version 17
VisualStudioVersion = 17.9.34607.119
MinimumVisualStudioVersion = 10.0.40219.1
Project("{9A19103F-16F7-4668-BE54-9A1E7A4F7556}") = "SilentBallisticsArtilleryCalculatorV2", "SilentBallisticsArtilleryCalculatorV2.csproj", "{CBCA95CB-313D-4EAA-BAE1-9745832CC62F}"
EndProject
Global
	GlobalSection(SolutionConfigurationPlatforms) = preSolution
		Debug|Any CPU = Debug|Any CPU
		Release|Any CPU = Release|Any CPU
	EndGlobalSection
	GlobalSection(ProjectConfigurationPlatforms) = postSolution
		{CBCA95CB-313D-4EAA-BAE1-9745832CC62F}.Debug|Any CPU.ActiveCfg = Debug|Any CPU
		{CBCA95CB-313D-4EAA-BAE1-9745832CC62F}.Debug|Any CPU.Build.0 = Debug|Any CPU
		{CBCA95CB-313D-4EAA-BAE1-9745832CC62F}.Release|Any CPU.ActiveCfg = Release|Any CPU
		{CBCA95CB-313D-4EAA-BAE1-9745832CC62F}.Release|Any CPU.Build.0 = Release|Any CPU
	EndGlobalSection
	GlobalSection(SolutionProperties) = preSolution
		HideSolutionNode = FALSE
	EndGlobalSection
	GlobalSection(ExtensibilityGlobals) = postSolution
		SolutionGuid = {564A694B-08DB-40F1-A127-FAF292FB29B5}
	EndGlobalSection
EndGlobal
